// !$*UTF8*$!
{
	archiveVersion = 1;
	classes = {
	};
	objectVersion = 55;
	objects = {

/* Begin PBXBuildFile section */
		510AC55B28D62B290071B93E /* UITextField+Ext.swift in Sources */ = {isa = PBXBuildFile; fileRef = 510AC55A28D62B290071B93E /* UITextField+Ext.swift */; };
		510AC55D28D63BE30071B93E /* Exchange.swift in Sources */ = {isa = PBXBuildFile; fileRef = 510AC55C28D63BE30071B93E /* Exchange.swift */; };
		510D3AED28D78BBC007A21E3 /* UserDefaults+Ext.swift in Sources */ = {isa = PBXBuildFile; fileRef = 510D3AEC28D78BBC007A21E3 /* UserDefaults+Ext.swift */; };
		510D3AEF28D7A39D007A21E3 /* Double+Ext.swift in Sources */ = {isa = PBXBuildFile; fileRef = 510D3AEE28D7A39D007A21E3 /* Double+Ext.swift */; };
		510D3AF128D8C78D007A21E3 /* MessageType.swift in Sources */ = {isa = PBXBuildFile; fileRef = 510D3AF028D8C78D007A21E3 /* MessageType.swift */; };
		510D3AF328D8ED23007A21E3 /* CurrencyEnums.swift in Sources */ = {isa = PBXBuildFile; fileRef = 510D3AF228D8ED23007A21E3 /* CurrencyEnums.swift */; };
		510D3AF728D913C5007A21E3 /* README.md in Resources */ = {isa = PBXBuildFile; fileRef = 510D3AF628D913C5007A21E3 /* README.md */; };
		510D3B6628D9193B007A21E3 /* banner.jpg in Resources */ = {isa = PBXBuildFile; fileRef = 510D3B6528D9193B007A21E3 /* banner.jpg */; };
		5155C7F228D395AE00E0A263 /* MainVC+Ext.swift in Sources */ = {isa = PBXBuildFile; fileRef = 5155C7F128D395AE00E0A263 /* MainVC+Ext.swift */; };
		5155C7F428D39B2700E0A263 /* UIView+Ext.swift in Sources */ = {isa = PBXBuildFile; fileRef = 5155C7F328D39B2700E0A263 /* UIView+Ext.swift */; };
		5155C7F628D3A3A900E0A263 /* Utils.swift in Sources */ = {isa = PBXBuildFile; fileRef = 5155C7F528D3A3A900E0A263 /* Utils.swift */; };
		5155C7F828D3A47800E0A263 /* Section.swift in Sources */ = {isa = PBXBuildFile; fileRef = 5155C7F728D3A47800E0A263 /* Section.swift */; };
		5155C7FA28D3BBFA00E0A263 /* BalanceSectionHeaderView.swift in Sources */ = {isa = PBXBuildFile; fileRef = 5155C7F928D3BBFA00E0A263 /* BalanceSectionHeaderView.swift */; };
		51AF610628D1970B003DCBC6 /* AppDelegate.swift in Sources */ = {isa = PBXBuildFile; fileRef = 51AF610528D1970B003DCBC6 /* AppDelegate.swift */; };
		51AF610828D1970B003DCBC6 /* SceneDelegate.swift in Sources */ = {isa = PBXBuildFile; fileRef = 51AF610728D1970B003DCBC6 /* SceneDelegate.swift */; };
		51AF610F28D1970C003DCBC6 /* Assets.xcassets in Resources */ = {isa = PBXBuildFile; fileRef = 51AF610E28D1970C003DCBC6 /* Assets.xcassets */; };
		51AF611228D1970C003DCBC6 /* LaunchScreen.storyboard in Resources */ = {isa = PBXBuildFile; fileRef = 51AF611028D1970C003DCBC6 /* LaunchScreen.storyboard */; };
		51AF611B28D1C9AA003DCBC6 /* MainVC.swift in Sources */ = {isa = PBXBuildFile; fileRef = 51AF611A28D1C9AA003DCBC6 /* MainVC.swift */; };
		51AF611F28D1CB85003DCBC6 /* BalanceCardCell.swift in Sources */ = {isa = PBXBuildFile; fileRef = 51AF611E28D1CB85003DCBC6 /* BalanceCardCell.swift */; };
		51AF612328D1CD78003DCBC6 /* TitleLabel.swift in Sources */ = {isa = PBXBuildFile; fileRef = 51AF612228D1CD78003DCBC6 /* TitleLabel.swift */; };
		51AF612528D1CD8D003DCBC6 /* SecondaryTitleLabel.swift in Sources */ = {isa = PBXBuildFile; fileRef = 51AF612428D1CD8D003DCBC6 /* SecondaryTitleLabel.swift */; };
		51AF612A28D1CFB7003DCBC6 /* Currency.swift in Sources */ = {isa = PBXBuildFile; fileRef = 51AF612928D1CFB7003DCBC6 /* Currency.swift */; };
/* End PBXBuildFile section */

/* Begin PBXFileReference section */
		510AC55A28D62B290071B93E /* UITextField+Ext.swift */ = {isa = PBXFileReference; lastKnownFileType = sourcecode.swift; path = "UITextField+Ext.swift"; sourceTree = "<group>"; };
		510AC55C28D63BE30071B93E /* Exchange.swift */ = {isa = PBXFileReference; lastKnownFileType = sourcecode.swift; path = Exchange.swift; sourceTree = "<group>"; };
		510D3AEC28D78BBC007A21E3 /* UserDefaults+Ext.swift */ = {isa = PBXFileReference; lastKnownFileType = sourcecode.swift; path = "UserDefaults+Ext.swift"; sourceTree = "<group>"; };
		510D3AEE28D7A39D007A21E3 /* Double+Ext.swift */ = {isa = PBXFileReference; lastKnownFileType = sourcecode.swift; path = "Double+Ext.swift"; sourceTree = "<group>"; };
		510D3AF028D8C78D007A21E3 /* MessageType.swift */ = {isa = PBXFileReference; lastKnownFileType = sourcecode.swift; path = MessageType.swift; sourceTree = "<group>"; };
		510D3AF228D8ED23007A21E3 /* CurrencyEnums.swift */ = {isa = PBXFileReference; lastKnownFileType = sourcecode.swift; path = CurrencyEnums.swift; sourceTree = "<group>"; };
		510D3AF628D913C5007A21E3 /* README.md */ = {isa = PBXFileReference; fileEncoding = 4; lastKnownFileType = net.daringfireball.markdown; path = README.md; sourceTree = SOURCE_ROOT; };
		510D3B6528D9193B007A21E3 /* banner.jpg */ = {isa = PBXFileReference; lastKnownFileType = image.jpeg; path = banner.jpg; sourceTree = "<group>"; };
		5155C7F128D395AE00E0A263 /* MainVC+Ext.swift */ = {isa = PBXFileReference; lastKnownFileType = sourcecode.swift; path = "MainVC+Ext.swift"; sourceTree = "<group>"; };
		5155C7F328D39B2700E0A263 /* UIView+Ext.swift */ = {isa = PBXFileReference; lastKnownFileType = sourcecode.swift; path = "UIView+Ext.swift"; sourceTree = "<group>"; };
		5155C7F528D3A3A900E0A263 /* Utils.swift */ = {isa = PBXFileReference; lastKnownFileType = sourcecode.swift; path = Utils.swift; sourceTree = "<group>"; };
		5155C7F728D3A47800E0A263 /* Section.swift */ = {isa = PBXFileReference; lastKnownFileType = sourcecode.swift; path = Section.swift; sourceTree = "<group>"; };
		5155C7F928D3BBFA00E0A263 /* BalanceSectionHeaderView.swift */ = {isa = PBXFileReference; lastKnownFileType = sourcecode.swift; path = BalanceSectionHeaderView.swift; sourceTree = "<group>"; };
		51AF610228D1970B003DCBC6 /* Exchanger.app */ = {isa = PBXFileReference; explicitFileType = wrapper.application; includeInIndex = 0; path = Exchanger.app; sourceTree = BUILT_PRODUCTS_DIR; };
		51AF610528D1970B003DCBC6 /* AppDelegate.swift */ = {isa = PBXFileReference; lastKnownFileType = sourcecode.swift; path = AppDelegate.swift; sourceTree = "<group>"; };
		51AF610728D1970B003DCBC6 /* SceneDelegate.swift */ = {isa = PBXFileReference; lastKnownFileType = sourcecode.swift; path = SceneDelegate.swift; sourceTree = "<group>"; };
		51AF610E28D1970C003DCBC6 /* Assets.xcassets */ = {isa = PBXFileReference; lastKnownFileType = folder.assetcatalog; path = Assets.xcassets; sourceTree = "<group>"; };
		51AF611128D1970C003DCBC6 /* Base */ = {isa = PBXFileReference; lastKnownFileType = file.storyboard; name = Base; path = Base.lproj/LaunchScreen.storyboard; sourceTree = "<group>"; };
		51AF611328D1970C003DCBC6 /* Info.plist */ = {isa = PBXFileReference; lastKnownFileType = text.plist.xml; path = Info.plist; sourceTree = "<group>"; };
		51AF611A28D1C9AA003DCBC6 /* MainVC.swift */ = {isa = PBXFileReference; lastKnownFileType = sourcecode.swift; path = MainVC.swift; sourceTree = "<group>"; };
		51AF611E28D1CB85003DCBC6 /* BalanceCardCell.swift */ = {isa = PBXFileReference; lastKnownFileType = sourcecode.swift; path = BalanceCardCell.swift; sourceTree = "<group>"; };
		51AF612228D1CD78003DCBC6 /* TitleLabel.swift */ = {isa = PBXFileReference; lastKnownFileType = sourcecode.swift; path = TitleLabel.swift; sourceTree = "<group>"; };
		51AF612428D1CD8D003DCBC6 /* SecondaryTitleLabel.swift */ = {isa = PBXFileReference; lastKnownFileType = sourcecode.swift; path = SecondaryTitleLabel.swift; sourceTree = "<group>"; };
		51AF612928D1CFB7003DCBC6 /* Currency.swift */ = {isa = PBXFileReference; lastKnownFileType = sourcecode.swift; path = Currency.swift; sourceTree = "<group>"; };
/* End PBXFileReference section */

/* Begin PBXFrameworksBuildPhase section */
		51AF60FF28D1970B003DCBC6 /* Frameworks */ = {
			isa = PBXFrameworksBuildPhase;
			buildActionMask = 2147483647;
			files = (
			);
			runOnlyForDeploymentPostprocessing = 0;
		};
/* End PBXFrameworksBuildPhase section */

/* Begin PBXGroup section */
		5155C7F028D3959F00E0A263 /* extension */ = {
			isa = PBXGroup;
			children = (
				5155C7F128D395AE00E0A263 /* MainVC+Ext.swift */,
				5155C7F328D39B2700E0A263 /* UIView+Ext.swift */,
				510AC55A28D62B290071B93E /* UITextField+Ext.swift */,
				510D3AEC28D78BBC007A21E3 /* UserDefaults+Ext.swift */,
				510D3AEE28D7A39D007A21E3 /* Double+Ext.swift */,
			);
			path = extension;
			sourceTree = "<group>";
		};
		51AF60F928D1970B003DCBC6 = {
			isa = PBXGroup;
			children = (
				510D3B6528D9193B007A21E3 /* banner.jpg */,
				51AF610428D1970B003DCBC6 /* Exchanger */,
				51AF610328D1970B003DCBC6 /* Products */,
			);
			sourceTree = "<group>";
		};
		51AF610328D1970B003DCBC6 /* Products */ = {
			isa = PBXGroup;
			children = (
				51AF610228D1970B003DCBC6 /* Exchanger.app */,
			);
			name = Products;
			sourceTree = "<group>";
		};
		51AF610428D1970B003DCBC6 /* Exchanger */ = {
			isa = PBXGroup;
			children = (
				510D3AF628D913C5007A21E3 /* README.md */,
				5155C7F028D3959F00E0A263 /* extension */,
				51AF612B28D1D006003DCBC6 /* util */,
				51AF612828D1CFA8003DCBC6 /* model */,
				51AF611D28D1CA36003DCBC6 /* controller */,
				51AF611C28D1CA29003DCBC6 /* view */,
				51AF610528D1970B003DCBC6 /* AppDelegate.swift */,
				51AF610728D1970B003DCBC6 /* SceneDelegate.swift */,
				51AF610E28D1970C003DCBC6 /* Assets.xcassets */,
				51AF611028D1970C003DCBC6 /* LaunchScreen.storyboard */,
				51AF611328D1970C003DCBC6 /* Info.plist */,
			);
			path = Exchanger;
			sourceTree = "<group>";
		};
		51AF611C28D1CA29003DCBC6 /* view */ = {
			isa = PBXGroup;
			children = (
				51AF612628D1CD9B003DCBC6 /* widget */,
				51AF611E28D1CB85003DCBC6 /* BalanceCardCell.swift */,
				5155C7F928D3BBFA00E0A263 /* BalanceSectionHeaderView.swift */,
			);
			path = view;
			sourceTree = "<group>";
		};
		51AF611D28D1CA36003DCBC6 /* controller */ = {
			isa = PBXGroup;
			children = (
				51AF611A28D1C9AA003DCBC6 /* MainVC.swift */,
			);
			path = controller;
			sourceTree = "<group>";
		};
		51AF612628D1CD9B003DCBC6 /* widget */ = {
			isa = PBXGroup;
			children = (
				51AF612728D1CDA6003DCBC6 /* label */,
			);
			path = widget;
			sourceTree = "<group>";
		};
		51AF612728D1CDA6003DCBC6 /* label */ = {
			isa = PBXGroup;
			children = (
				51AF612228D1CD78003DCBC6 /* TitleLabel.swift */,
				51AF612428D1CD8D003DCBC6 /* SecondaryTitleLabel.swift */,
			);
			path = label;
			sourceTree = "<group>";
		};
		51AF612828D1CFA8003DCBC6 /* model */ = {
			isa = PBXGroup;
			children = (
				51AF612928D1CFB7003DCBC6 /* Currency.swift */,
				510AC55C28D63BE30071B93E /* Exchange.swift */,
			);
			path = model;
			sourceTree = "<group>";
		};
		51AF612B28D1D006003DCBC6 /* util */ = {
			isa = PBXGroup;
			children = (
				5155C7F528D3A3A900E0A263 /* Utils.swift */,
				5155C7F728D3A47800E0A263 /* Section.swift */,
				510D3AF028D8C78D007A21E3 /* MessageType.swift */,
				510D3AF228D8ED23007A21E3 /* CurrencyEnums.swift */,
			);
			path = util;
			sourceTree = "<group>";
		};
/* End PBXGroup section */

/* Begin PBXNativeTarget section */
		51AF610128D1970B003DCBC6 /* Exchanger */ = {
			isa = PBXNativeTarget;
			buildConfigurationList = 51AF611628D1970C003DCBC6 /* Build configuration list for PBXNativeTarget "Exchanger" */;
			buildPhases = (
				51AF611928D19728003DCBC6 /* ShellScript */,
				51AF60FE28D1970B003DCBC6 /* Sources */,
				51AF60FF28D1970B003DCBC6 /* Frameworks */,
				51AF610028D1970B003DCBC6 /* Resources */,
			);
			buildRules = (
			);
			dependencies = (
			);
			name = Exchanger;
			productName = Exchanger;
			productReference = 51AF610228D1970B003DCBC6 /* Exchanger.app */;
			productType = "com.apple.product-type.application";
		};
/* End PBXNativeTarget section */

/* Begin PBXProject section */
		51AF60FA28D1970B003DCBC6 /* Project object */ = {
			isa = PBXProject;
			attributes = {
				BuildIndependentTargetsInParallel = 1;
				LastSwiftUpdateCheck = 1340;
				LastUpgradeCheck = 1340;
				TargetAttributes = {
					51AF610128D1970B003DCBC6 = {
						CreatedOnToolsVersion = 13.4.1;
					};
				};
			};
			buildConfigurationList = 51AF60FD28D1970B003DCBC6 /* Build configuration list for PBXProject "Exchanger" */;
			compatibilityVersion = "Xcode 13.0";
			developmentRegion = en;
			hasScannedForEncodings = 0;
			knownRegions = (
				en,
				Base,
			);
			mainGroup = 51AF60F928D1970B003DCBC6;
			productRefGroup = 51AF610328D1970B003DCBC6 /* Products */;
			projectDirPath = "";
			projectRoot = "";
			targets = (
				51AF610128D1970B003DCBC6 /* Exchanger */,
			);
		};
/* End PBXProject section */

/* Begin PBXResourcesBuildPhase section */
		51AF610028D1970B003DCBC6 /* Resources */ = {
			isa = PBXResourcesBuildPhase;
			buildActionMask = 2147483647;
			files = (
				510D3AF728D913C5007A21E3 /* README.md in Resources */,
				51AF611228D1970C003DCBC6 /* LaunchScreen.storyboard in Resources */,
				51AF610F28D1970C003DCBC6 /* Assets.xcassets in Resources */,
				510D3B6628D9193B007A21E3 /* banner.jpg in Resources */,
			);
			runOnlyForDeploymentPostprocessing = 0;
		};
/* End PBXResourcesBuildPhase section */

/* Begin PBXShellScriptBuildPhase section */
		51AF611928D19728003DCBC6 /* ShellScript */ = {
			isa = PBXShellScriptBuildPhase;
			alwaysOutOfDate = 1;
			buildActionMask = 2147483647;
			files = (
			);
			inputFileListPaths = (
			);
			inputPaths = (
			);
			outputFileListPaths = (
			);
			outputPaths = (
			);
			runOnlyForDeploymentPostprocessing = 0;
			shellPath = /bin/sh;
			shellScript = "# Type a script or drag a script file from your workspace to insert its path.\nPATH=/opt/homebrew/bin:$PATH\nif [ -f ~/com.raywenderlich.swiftlint.yml ]; then\n  if which swiftlint >/dev/null; then\n    swiftlint --no-cache --config ~/com.raywenderlich.swiftlint.yml\n  fi\nfi\n";
		};
/* End PBXShellScriptBuildPhase section */

/* Begin PBXSourcesBuildPhase section */
		51AF60FE28D1970B003DCBC6 /* Sources */ = {
			isa = PBXSourcesBuildPhase;
			buildActionMask = 2147483647;
			files = (
				5155C7FA28D3BBFA00E0A263 /* BalanceSectionHeaderView.swift in Sources */,
				51AF612528D1CD8D003DCBC6 /* SecondaryTitleLabel.swift in Sources */,
				510D3AEF28D7A39D007A21E3 /* Double+Ext.swift in Sources */,
				51AF610628D1970B003DCBC6 /* AppDelegate.swift in Sources */,
				510D3AED28D78BBC007A21E3 /* UserDefaults+Ext.swift in Sources */,
				51AF611B28D1C9AA003DCBC6 /* MainVC.swift in Sources */,
				51AF610828D1970B003DCBC6 /* SceneDelegate.swift in Sources */,
				5155C7F828D3A47800E0A263 /* Section.swift in Sources */,
				510AC55D28D63BE30071B93E /* Exchange.swift in Sources */,
				510AC55B28D62B290071B93E /* UITextField+Ext.swift in Sources */,
				51AF612328D1CD78003DCBC6 /* TitleLabel.swift in Sources */,
				5155C7F628D3A3A900E0A263 /* Utils.swift in Sources */,
				5155C7F428D39B2700E0A263 /* UIView+Ext.swift in Sources */,
				510D3AF328D8ED23007A21E3 /* CurrencyEnums.swift in Sources */,
				5155C7F228D395AE00E0A263 /* MainVC+Ext.swift in Sources */,
				510D3AF128D8C78D007A21E3 /* MessageType.swift in Sources */,
				51AF612A28D1CFB7003DCBC6 /* Currency.swift in Sources */,
				51AF611F28D1CB85003DCBC6 /* BalanceCardCell.swift in Sources */,
			);
			runOnlyForDeploymentPostprocessing = 0;
		};
/* End PBXSourcesBuildPhase section */

/* Begin PBXVariantGroup section */
		51AF611028D1970C003DCBC6 /* LaunchScreen.storyboard */ = {
			isa = PBXVariantGroup;
			children = (
				51AF611128D1970C003DCBC6 /* Base */,
			);
			name = LaunchScreen.storyboard;
			sourceTree = "<group>";
		};
/* End PBXVariantGroup section */

/* Begin XCBuildConfiguration section */
		51AF611428D1970C003DCBC6 /* Debug */ = {
			isa = XCBuildConfiguration;
			buildSettings = {
				ALWAYS_SEARCH_USER_PATHS = NO;
				CLANG_ANALYZER_NONNULL = YES;
				CLANG_ANALYZER_NUMBER_OBJECT_CONVERSION = YES_AGGRESSIVE;
				CLANG_CXX_LANGUAGE_STANDARD = "gnu++17";
				CLANG_ENABLE_MODULES = YES;
				CLANG_ENABLE_OBJC_ARC = YES;
				CLANG_ENABLE_OBJC_WEAK = YES;
				CLANG_WARN_BLOCK_CAPTURE_AUTORELEASING = YES;
				CLANG_WARN_BOOL_CONVERSION = YES;
				CLANG_WARN_COMMA = YES;
				CLANG_WARN_CONSTANT_CONVERSION = YES;
				CLANG_WARN_DEPRECATED_OBJC_IMPLEMENTATIONS = YES;
				CLANG_WARN_DIRECT_OBJC_ISA_USAGE = YES_ERROR;
				CLANG_WARN_DOCUMENTATION_COMMENTS = YES;
				CLANG_WARN_EMPTY_BODY = YES;
				CLANG_WARN_ENUM_CONVERSION = YES;
				CLANG_WARN_INFINITE_RECURSION = YES;
				CLANG_WARN_INT_CONVERSION = YES;
				CLANG_WARN_NON_LITERAL_NULL_CONVERSION = YES;
				CLANG_WARN_OBJC_IMPLICIT_RETAIN_SELF = YES;
				CLANG_WARN_OBJC_LITERAL_CONVERSION = YES;
				CLANG_WARN_OBJC_ROOT_CLASS = YES_ERROR;
				CLANG_WARN_QUOTED_INCLUDE_IN_FRAMEWORK_HEADER = YES;
				CLANG_WARN_RANGE_LOOP_ANALYSIS = YES;
				CLANG_WARN_STRICT_PROTOTYPES = YES;
				CLANG_WARN_SUSPICIOUS_MOVE = YES;
				CLANG_WARN_UNGUARDED_AVAILABILITY = YES_AGGRESSIVE;
				CLANG_WARN_UNREACHABLE_CODE = YES;
				CLANG_WARN__DUPLICATE_METHOD_MATCH = YES;
				COPY_PHASE_STRIP = NO;
				DEBUG_INFORMATION_FORMAT = dwarf;
				ENABLE_STRICT_OBJC_MSGSEND = YES;
				ENABLE_TESTABILITY = YES;
				GCC_C_LANGUAGE_STANDARD = gnu11;
				GCC_DYNAMIC_NO_PIC = NO;
				GCC_NO_COMMON_BLOCKS = YES;
				GCC_OPTIMIZATION_LEVEL = 0;
				GCC_PREPROCESSOR_DEFINITIONS = (
					"DEBUG=1",
					"$(inherited)",
				);
				GCC_WARN_64_TO_32_BIT_CONVERSION = YES;
				GCC_WARN_ABOUT_RETURN_TYPE = YES_ERROR;
				GCC_WARN_UNDECLARED_SELECTOR = YES;
				GCC_WARN_UNINITIALIZED_AUTOS = YES_AGGRESSIVE;
				GCC_WARN_UNUSED_FUNCTION = YES;
				GCC_WARN_UNUSED_VARIABLE = YES;
				IPHONEOS_DEPLOYMENT_TARGET = 15.5;
				MTL_ENABLE_DEBUG_INFO = INCLUDE_SOURCE;
				MTL_FAST_MATH = YES;
				ONLY_ACTIVE_ARCH = YES;
				SDKROOT = iphoneos;
				SWIFT_ACTIVE_COMPILATION_CONDITIONS = DEBUG;
				SWIFT_OPTIMIZATION_LEVEL = "-Onone";
			};
			name = Debug;
		};
		51AF611528D1970C003DCBC6 /* Release */ = {
			isa = XCBuildConfiguration;
			buildSettings = {
				ALWAYS_SEARCH_USER_PATHS = NO;
				CLANG_ANALYZER_NONNULL = YES;
				CLANG_ANALYZER_NUMBER_OBJECT_CONVERSION = YES_AGGRESSIVE;
				CLANG_CXX_LANGUAGE_STANDARD = "gnu++17";
				CLANG_ENABLE_MODULES = YES;
				CLANG_ENABLE_OBJC_ARC = YES;
				CLANG_ENABLE_OBJC_WEAK = YES;
				CLANG_WARN_BLOCK_CAPTURE_AUTORELEASING = YES;
				CLANG_WARN_BOOL_CONVERSION = YES;
				CLANG_WARN_COMMA = YES;
				CLANG_WARN_CONSTANT_CONVERSION = YES;
				CLANG_WARN_DEPRECATED_OBJC_IMPLEMENTATIONS = YES;
				CLANG_WARN_DIRECT_OBJC_ISA_USAGE = YES_ERROR;
				CLANG_WARN_DOCUMENTATION_COMMENTS = YES;
				CLANG_WARN_EMPTY_BODY = YES;
				CLANG_WARN_ENUM_CONVERSION = YES;
				CLANG_WARN_INFINITE_RECURSION = YES;
				CLANG_WARN_INT_CONVERSION = YES;
				CLANG_WARN_NON_LITERAL_NULL_CONVERSION = YES;
				CLANG_WARN_OBJC_IMPLICIT_RETAIN_SELF = YES;
				CLANG_WARN_OBJC_LITERAL_CONVERSION = YES;
				CLANG_WARN_OBJC_ROOT_CLASS = YES_ERROR;
				CLANG_WARN_QUOTED_INCLUDE_IN_FRAMEWORK_HEADER = YES;
				CLANG_WARN_RANGE_LOOP_ANALYSIS = YES;
				CLANG_WARN_STRICT_PROTOTYPES = YES;
				CLANG_WARN_SUSPICIOUS_MOVE = YES;
				CLANG_WARN_UNGUARDED_AVAILABILITY = YES_AGGRESSIVE;
				CLANG_WARN_UNREACHABLE_CODE = YES;
				CLANG_WARN__DUPLICATE_METHOD_MATCH = YES;
				COPY_PHASE_STRIP = NO;
				DEBUG_INFORMATION_FORMAT = "dwarf-with-dsym";
				ENABLE_NS_ASSERTIONS = NO;
				ENABLE_STRICT_OBJC_MSGSEND = YES;
				GCC_C_LANGUAGE_STANDARD = gnu11;
				GCC_NO_COMMON_BLOCKS = YES;
				GCC_WARN_64_TO_32_BIT_CONVERSION = YES;
				GCC_WARN_ABOUT_RETURN_TYPE = YES_ERROR;
				GCC_WARN_UNDECLARED_SELECTOR = YES;
				GCC_WARN_UNINITIALIZED_AUTOS = YES_AGGRESSIVE;
				GCC_WARN_UNUSED_FUNCTION = YES;
				GCC_WARN_UNUSED_VARIABLE = YES;
				IPHONEOS_DEPLOYMENT_TARGET = 15.5;
				MTL_ENABLE_DEBUG_INFO = NO;
				MTL_FAST_MATH = YES;
				SDKROOT = iphoneos;
				SWIFT_COMPILATION_MODE = wholemodule;
				SWIFT_OPTIMIZATION_LEVEL = "-O";
				VALIDATE_PRODUCT = YES;
			};
			name = Release;
		};
		51AF611728D1970C003DCBC6 /* Debug */ = {
			isa = XCBuildConfiguration;
			buildSettings = {
				ASSETCATALOG_COMPILER_APPICON_NAME = AppIcon;
				ASSETCATALOG_COMPILER_GLOBAL_ACCENT_COLOR_NAME = AccentColor;
				CODE_SIGN_STYLE = Automatic;
				CURRENT_PROJECT_VERSION = 1;
				DEVELOPMENT_TEAM = 8FNYAR5ABD;
				GENERATE_INFOPLIST_FILE = YES;
				INFOPLIST_FILE = Exchanger/Info.plist;
				INFOPLIST_KEY_UIApplicationSupportsIndirectInputEvents = YES;
				INFOPLIST_KEY_UILaunchStoryboardName = LaunchScreen;
				INFOPLIST_KEY_UISupportedInterfaceOrientations_iPad = "UIInterfaceOrientationPortrait UIInterfaceOrientationPortraitUpsideDown UIInterfaceOrientationLandscapeLeft UIInterfaceOrientationLandscapeRight";
				INFOPLIST_KEY_UISupportedInterfaceOrientations_iPhone = "UIInterfaceOrientationPortrait UIInterfaceOrientationLandscapeLeft UIInterfaceOrientationLandscapeRight";
				LD_RUNPATH_SEARCH_PATHS = (
					"$(inherited)",
					"@executable_path/Frameworks",
				);
				MARKETING_VERSION = 1.0;
				PRODUCT_BUNDLE_IDENTIFIER = me.mahmudulhasan.Exchanger;
				PRODUCT_NAME = "$(TARGET_NAME)";
				SWIFT_EMIT_LOC_STRINGS = YES;
				SWIFT_VERSION = 5.0;
				TARGETED_DEVICE_FAMILY = "1,2";
			};
			name = Debug;
		};
		51AF611828D1970C003DCBC6 /* Release */ = {
			isa = XCBuildConfiguration;
			buildSettings = {
				ASSETCATALOG_COMPILER_APPICON_NAME = AppIcon;
				ASSETCATALOG_COMPILER_GLOBAL_ACCENT_COLOR_NAME = AccentColor;
				CODE_SIGN_STYLE = Automatic;
				CURRENT_PROJECT_VERSION = 1;
				DEVELOPMENT_TEAM = 8FNYAR5ABD;
				GENERATE_INFOPLIST_FILE = YES;
				INFOPLIST_FILE = Exchanger/Info.plist;
				INFOPLIST_KEY_UIApplicationSupportsIndirectInputEvents = YES;
				INFOPLIST_KEY_UILaunchStoryboardName = LaunchScreen;
				INFOPLIST_KEY_UISupportedInterfaceOrientations_iPad = "UIInterfaceOrientationPortrait UIInterfaceOrientationPortraitUpsideDown UIInterfaceOrientationLandscapeLeft UIInterfaceOrientationLandscapeRight";
				INFOPLIST_KEY_UISupportedInterfaceOrientations_iPhone = "UIInterfaceOrientationPortrait UIInterfaceOrientationLandscapeLeft UIInterfaceOrientationLandscapeRight";
				LD_RUNPATH_SEARCH_PATHS = (
					"$(inherited)",
					"@executable_path/Frameworks",
				);
				MARKETING_VERSION = 1.0;
				PRODUCT_BUNDLE_IDENTIFIER = me.mahmudulhasan.Exchanger;
				PRODUCT_NAME = "$(TARGET_NAME)";
				SWIFT_EMIT_LOC_STRINGS = YES;
				SWIFT_VERSION = 5.0;
				TARGETED_DEVICE_FAMILY = "1,2";
			};
			name = Release;
		};
/* End XCBuildConfiguration section */

/* Begin XCConfigurationList section */
		51AF60FD28D1970B003DCBC6 /* Build configuration list for PBXProject "Exchanger" */ = {
			isa = XCConfigurationList;
			buildConfigurations = (
				51AF611428D1970C003DCBC6 /* Debug */,
				51AF611528D1970C003DCBC6 /* Release */,
			);
			defaultConfigurationIsVisible = 0;
			defaultConfigurationName = Release;
		};
		51AF611628D1970C003DCBC6 /* Build configuration list for PBXNativeTarget "Exchanger" */ = {
			isa = XCConfigurationList;
			buildConfigurations = (
				51AF611728D1970C003DCBC6 /* Debug */,
				51AF611828D1970C003DCBC6 /* Release */,
			);
			defaultConfigurationIsVisible = 0;
			defaultConfigurationName = Release;
		};
/* End XCConfigurationList section */
	};
	rootObject = 51AF60FA28D1970B003DCBC6 /* Project object */;
}
